// !$*UTF8*$!
{
	archiveVersion = 1;
	classes = {
	};
	objectVersion = 56;
	objects = {

/* Begin PBXBuildFile section */
		490218D32A78E8DE0030F5B7 /* IosStarterApp.swift in Sources */ = {isa = PBXBuildFile; fileRef = 490218D22A78E8DE0030F5B7 /* IosStarterApp.swift */; };
		490218D72A78E8E00030F5B7 /* Assets.xcassets in Resources */ = {isa = PBXBuildFile; fileRef = 490218D62A78E8E00030F5B7 /* Assets.xcassets */; };
		490218E82A78EB590030F5B7 /* MainScreen.swift in Sources */ = {isa = PBXBuildFile; fileRef = 490218E72A78EB590030F5B7 /* MainScreen.swift */; };
		490218EA2A78ED320030F5B7 /* HomeScreen.swift in Sources */ = {isa = PBXBuildFile; fileRef = 490218E92A78ED320030F5B7 /* HomeScreen.swift */; };
		490218EC2A78ED5D0030F5B7 /* MoreScreen.swift in Sources */ = {isa = PBXBuildFile; fileRef = 490218EB2A78ED5D0030F5B7 /* MoreScreen.swift */; };
		49F75E0F2A79020800D170BD /* ListView.swift in Sources */ = {isa = PBXBuildFile; fileRef = 49F75E0E2A79020800D170BD /* ListView.swift */; };
		49F75E112A79027A00D170BD /* Post.swift in Sources */ = {isa = PBXBuildFile; fileRef = 49F75E102A79027A00D170BD /* Post.swift */; };
		49F75E132A79035600D170BD /* ListViewModel.swift in Sources */ = {isa = PBXBuildFile; fileRef = 49F75E122A79035600D170BD /* ListViewModel.swift */; };
		49F75E152A7911EB00D170BD /* ApiService.swift in Sources */ = {isa = PBXBuildFile; fileRef = 49F75E142A7911EB00D170BD /* ApiService.swift */; };
/* End PBXBuildFile section */

/* Begin PBXFileReference section */
		490218CF2A78E8DE0030F5B7 /* IosStarter.app */ = {isa = PBXFileReference; explicitFileType = wrapper.application; includeInIndex = 0; path = IosStarter.app; sourceTree = BUILT_PRODUCTS_DIR; };
		490218D22A78E8DE0030F5B7 /* IosStarterApp.swift */ = {isa = PBXFileReference; lastKnownFileType = sourcecode.swift; path = IosStarterApp.swift; sourceTree = "<group>"; };
		490218D62A78E8E00030F5B7 /* Assets.xcassets */ = {isa = PBXFileReference; lastKnownFileType = folder.assetcatalog; path = Assets.xcassets; sourceTree = "<group>"; };
		490218E72A78EB590030F5B7 /* MainScreen.swift */ = {isa = PBXFileReference; lastKnownFileType = sourcecode.swift; path = MainScreen.swift; sourceTree = "<group>"; };
		490218E92A78ED320030F5B7 /* HomeScreen.swift */ = {isa = PBXFileReference; lastKnownFileType = sourcecode.swift; path = HomeScreen.swift; sourceTree = "<group>"; };
		490218EB2A78ED5D0030F5B7 /* MoreScreen.swift */ = {isa = PBXFileReference; lastKnownFileType = sourcecode.swift; path = MoreScreen.swift; sourceTree = "<group>"; };
		49F75E0E2A79020800D170BD /* ListView.swift */ = {isa = PBXFileReference; lastKnownFileType = sourcecode.swift; path = ListView.swift; sourceTree = "<group>"; };
		49F75E102A79027A00D170BD /* Post.swift */ = {isa = PBXFileReference; lastKnownFileType = sourcecode.swift; path = Post.swift; sourceTree = "<group>"; };
		49F75E122A79035600D170BD /* ListViewModel.swift */ = {isa = PBXFileReference; lastKnownFileType = sourcecode.swift; path = ListViewModel.swift; sourceTree = "<group>"; };
		49F75E142A7911EB00D170BD /* ApiService.swift */ = {isa = PBXFileReference; lastKnownFileType = sourcecode.swift; path = ApiService.swift; sourceTree = "<group>"; };
/* End PBXFileReference section */

/* Begin PBXFrameworksBuildPhase section */
		490218CC2A78E8DE0030F5B7 /* Frameworks */ = {
			isa = PBXFrameworksBuildPhase;
			buildActionMask = 2147483647;
			files = (
			);
			runOnlyForDeploymentPostprocessing = 0;
		};
/* End PBXFrameworksBuildPhase section */

/* Begin PBXGroup section */
		490218C62A78E8DE0030F5B7 = {
			isa = PBXGroup;
			children = (
				490218D12A78E8DE0030F5B7 /* IosStarter */,
				490218D02A78E8DE0030F5B7 /* Products */,
			);
			sourceTree = "<group>";
		};
		490218D02A78E8DE0030F5B7 /* Products */ = {
			isa = PBXGroup;
			children = (
				490218CF2A78E8DE0030F5B7 /* IosStarter.app */,
			);
			name = Products;
			sourceTree = "<group>";
		};
		490218D12A78E8DE0030F5B7 /* IosStarter */ = {
			isa = PBXGroup;
			children = (
				490218E42A78EA230030F5B7 /* Managers */,
				490218E12A78EA0C0030F5B7 /* Models */,
				490218E62A78EA350030F5B7 /* Resources */,
				490218E02A78EA040030F5B7 /* Screens */,
				490218E52A78EA2D0030F5B7 /* Services */,
				490218D22A78E8DE0030F5B7 /* IosStarterApp.swift */,
			);
			path = IosStarter;
			sourceTree = "<group>";
		};
		490218E02A78EA040030F5B7 /* Screens */ = {
			isa = PBXGroup;
			children = (
				490218EF2A78EEA50030F5B7 /* More */,
				490218EE2A78EE9E0030F5B7 /* Home */,
				490218ED2A78EE950030F5B7 /* Main */,
			);
			path = Screens;
			sourceTree = "<group>";
		};
		490218E12A78EA0C0030F5B7 /* Models */ = {
			isa = PBXGroup;
			children = (
				49F75E102A79027A00D170BD /* Post.swift */,
			);
			path = Models;
			sourceTree = "<group>";
		};
		490218E42A78EA230030F5B7 /* Managers */ = {
			isa = PBXGroup;
			children = (
			);
			path = Managers;
			sourceTree = "<group>";
		};
		490218E52A78EA2D0030F5B7 /* Services */ = {
			isa = PBXGroup;
			children = (
				49F75E142A7911EB00D170BD /* ApiService.swift */,
			);
			path = Services;
			sourceTree = "<group>";
		};
		490218E62A78EA350030F5B7 /* Resources */ = {
			isa = PBXGroup;
			children = (
				490218D62A78E8E00030F5B7 /* Assets.xcassets */,
			);
			path = Resources;
			sourceTree = "<group>";
		};
		490218ED2A78EE950030F5B7 /* Main */ = {
			isa = PBXGroup;
			children = (
				490218E72A78EB590030F5B7 /* MainScreen.swift */,
				490218F52A78EF090030F5B7 /* ViewModels */,
				490218F42A78EF020030F5B7 /* Views */,
			);
			path = Main;
			sourceTree = "<group>";
		};
		490218EE2A78EE9E0030F5B7 /* Home */ = {
			isa = PBXGroup;
			children = (
				490218E92A78ED320030F5B7 /* HomeScreen.swift */,
				490218F32A78EEF80030F5B7 /* ViewModels */,
				490218F22A78EEF00030F5B7 /* Views */,
			);
			path = Home;
			sourceTree = "<group>";
		};
		490218EF2A78EEA50030F5B7 /* More */ = {
			isa = PBXGroup;
			children = (
				490218EB2A78ED5D0030F5B7 /* MoreScreen.swift */,
				490218F12A78EED80030F5B7 /* ViewModels */,
				490218F02A78EECB0030F5B7 /* Views */,
			);
			path = More;
			sourceTree = "<group>";
		};
		490218F02A78EECB0030F5B7 /* Views */ = {
			isa = PBXGroup;
			children = (
			);
			path = Views;
			sourceTree = "<group>";
		};
		490218F12A78EED80030F5B7 /* ViewModels */ = {
			isa = PBXGroup;
			children = (
			);
			path = ViewModels;
			sourceTree = "<group>";
		};
		490218F22A78EEF00030F5B7 /* Views */ = {
			isa = PBXGroup;
			children = (
				49F75E0E2A79020800D170BD /* ListView.swift */,
			);
			path = Views;
			sourceTree = "<group>";
		};
		490218F32A78EEF80030F5B7 /* ViewModels */ = {
			isa = PBXGroup;
			children = (
				49F75E122A79035600D170BD /* ListViewModel.swift */,
			);
			path = ViewModels;
			sourceTree = "<group>";
		};
		490218F42A78EF020030F5B7 /* Views */ = {
			isa = PBXGroup;
			children = (
			);
			path = Views;
			sourceTree = "<group>";
		};
		490218F52A78EF090030F5B7 /* ViewModels */ = {
			isa = PBXGroup;
			children = (
			);
			path = ViewModels;
			sourceTree = "<group>";
		};
/* End PBXGroup section */

/* Begin PBXNativeTarget section */
		490218CE2A78E8DE0030F5B7 /* IosStarter */ = {
			isa = PBXNativeTarget;
			buildConfigurationList = 490218DD2A78E8E00030F5B7 /* Build configuration list for PBXNativeTarget "IosStarter" */;
			buildPhases = (
				490218CB2A78E8DE0030F5B7 /* Sources */,
				490218CC2A78E8DE0030F5B7 /* Frameworks */,
				490218CD2A78E8DE0030F5B7 /* Resources */,
			);
			buildRules = (
			);
			dependencies = (
			);
			name = IosStarter;
			productName = IosStarter;
			productReference = 490218CF2A78E8DE0030F5B7 /* IosStarter.app */;
			productType = "com.apple.product-type.application";
		};
/* End PBXNativeTarget section */

/* Begin PBXProject section */
		490218C72A78E8DE0030F5B7 /* Project object */ = {
			isa = PBXProject;
			attributes = {
				BuildIndependentTargetsInParallel = 1;
				LastSwiftUpdateCheck = 1500;
				LastUpgradeCheck = 1500;
				TargetAttributes = {
					490218CE2A78E8DE0030F5B7 = {
						CreatedOnToolsVersion = 15.0;
					};
				};
			};
			buildConfigurationList = 490218CA2A78E8DE0030F5B7 /* Build configuration list for PBXProject "IosStarter" */;
			compatibilityVersion = "Xcode 14.0";
			developmentRegion = en;
			hasScannedForEncodings = 0;
			knownRegions = (
				en,
				Base,
			);
			mainGroup = 490218C62A78E8DE0030F5B7;
			productRefGroup = 490218D02A78E8DE0030F5B7 /* Products */;
			projectDirPath = "";
			projectRoot = "";
			targets = (
				490218CE2A78E8DE0030F5B7 /* IosStarter */,
			);
		};
/* End PBXProject section */

/* Begin PBXResourcesBuildPhase section */
		490218CD2A78E8DE0030F5B7 /* Resources */ = {
			isa = PBXResourcesBuildPhase;
			buildActionMask = 2147483647;
			files = (
				490218D72A78E8E00030F5B7 /* Assets.xcassets in Resources */,
			);
			runOnlyForDeploymentPostprocessing = 0;
		};
/* End PBXResourcesBuildPhase section */

/* Begin PBXSourcesBuildPhase section */
		490218CB2A78E8DE0030F5B7 /* Sources */ = {
			isa = PBXSourcesBuildPhase;
			buildActionMask = 2147483647;
			files = (
				490218EA2A78ED320030F5B7 /* HomeScreen.swift in Sources */,
				490218D32A78E8DE0030F5B7 /* IosStarterApp.swift in Sources */,
				49F75E132A79035600D170BD /* ListViewModel.swift in Sources */,
				49F75E0F2A79020800D170BD /* ListView.swift in Sources */,
				49F75E112A79027A00D170BD /* Post.swift in Sources */,
				490218E82A78EB590030F5B7 /* MainScreen.swift in Sources */,
				49F75E152A7911EB00D170BD /* ApiService.swift in Sources */,
				490218EC2A78ED5D0030F5B7 /* MoreScreen.swift in Sources */,
			);
			runOnlyForDeploymentPostprocessing = 0;
		};
/* End PBXSourcesBuildPhase section */

/* Begin XCBuildConfiguration section */
		490218DB2A78E8E00030F5B7 /* Debug */ = {
			isa = XCBuildConfiguration;
			buildSettings = {
				ALWAYS_SEARCH_USER_PATHS = NO;
				ASSETCATALOG_COMPILER_GENERATE_SWIFT_ASSET_SYMBOL_EXTENSIONS = YES;
				CLANG_ANALYZER_NONNULL = YES;
				CLANG_ANALYZER_NUMBER_OBJECT_CONVERSION = YES_AGGRESSIVE;
				CLANG_CXX_LANGUAGE_STANDARD = "gnu++20";
				CLANG_ENABLE_MODULES = YES;
				CLANG_ENABLE_OBJC_ARC = YES;
				CLANG_ENABLE_OBJC_WEAK = YES;
				CLANG_WARN_BLOCK_CAPTURE_AUTORELEASING = YES;
				CLANG_WARN_BOOL_CONVERSION = YES;
				CLANG_WARN_COMMA = YES;
				CLANG_WARN_CONSTANT_CONVERSION = YES;
				CLANG_WARN_DEPRECATED_OBJC_IMPLEMENTATIONS = YES;
				CLANG_WARN_DIRECT_OBJC_ISA_USAGE = YES_ERROR;
				CLANG_WARN_DOCUMENTATION_COMMENTS = YES;
				CLANG_WARN_EMPTY_BODY = YES;
				CLANG_WARN_ENUM_CONVERSION = YES;
				CLANG_WARN_INFINITE_RECURSION = YES;
				CLANG_WARN_INT_CONVERSION = YES;
				CLANG_WARN_NON_LITERAL_NULL_CONVERSION = YES;
				CLANG_WARN_OBJC_IMPLICIT_RETAIN_SELF = YES;
				CLANG_WARN_OBJC_LITERAL_CONVERSION = YES;
				CLANG_WARN_OBJC_ROOT_CLASS = YES_ERROR;
				CLANG_WARN_QUOTED_INCLUDE_IN_FRAMEWORK_HEADER = YES;
				CLANG_WARN_RANGE_LOOP_ANALYSIS = YES;
				CLANG_WARN_STRICT_PROTOTYPES = YES;
				CLANG_WARN_SUSPICIOUS_MOVE = YES;
				CLANG_WARN_UNGUARDED_AVAILABILITY = YES_AGGRESSIVE;
				CLANG_WARN_UNREACHABLE_CODE = YES;
				CLANG_WARN__DUPLICATE_METHOD_MATCH = YES;
				COPY_PHASE_STRIP = NO;
				DEBUG_INFORMATION_FORMAT = dwarf;
				ENABLE_STRICT_OBJC_MSGSEND = YES;
				ENABLE_TESTABILITY = YES;
				ENABLE_USER_SCRIPT_SANDBOXING = YES;
				GCC_C_LANGUAGE_STANDARD = gnu17;
				GCC_DYNAMIC_NO_PIC = NO;
				GCC_NO_COMMON_BLOCKS = YES;
				GCC_OPTIMIZATION_LEVEL = 0;
				GCC_PREPROCESSOR_DEFINITIONS = (
					"DEBUG=1",
					"$(inherited)",
				);
				GCC_WARN_64_TO_32_BIT_CONVERSION = YES;
				GCC_WARN_ABOUT_RETURN_TYPE = YES_ERROR;
				GCC_WARN_UNDECLARED_SELECTOR = YES;
				GCC_WARN_UNINITIALIZED_AUTOS = YES_AGGRESSIVE;
				GCC_WARN_UNUSED_FUNCTION = YES;
				GCC_WARN_UNUSED_VARIABLE = YES;
				IPHONEOS_DEPLOYMENT_TARGET = 17.0;
				LOCALIZATION_PREFERS_STRING_CATALOGS = YES;
				MTL_ENABLE_DEBUG_INFO = INCLUDE_SOURCE;
				MTL_FAST_MATH = YES;
				ONLY_ACTIVE_ARCH = YES;
				SDKROOT = iphoneos;
				SWIFT_ACTIVE_COMPILATION_CONDITIONS = "DEBUG $(inherited)";
				SWIFT_OPTIMIZATION_LEVEL = "-Onone";
			};
			name = Debug;
		};
		490218DC2A78E8E00030F5B7 /* Release */ = {
			isa = XCBuildConfiguration;
			buildSettings = {
				ALWAYS_SEARCH_USER_PATHS = NO;
				ASSETCATALOG_COMPILER_GENERATE_SWIFT_ASSET_SYMBOL_EXTENSIONS = YES;
				CLANG_ANALYZER_NONNULL = YES;
				CLANG_ANALYZER_NUMBER_OBJECT_CONVERSION = YES_AGGRESSIVE;
				CLANG_CXX_LANGUAGE_STANDARD = "gnu++20";
				CLANG_ENABLE_MODULES = YES;
				CLANG_ENABLE_OBJC_ARC = YES;
				CLANG_ENABLE_OBJC_WEAK = YES;
				CLANG_WARN_BLOCK_CAPTURE_AUTORELEASING = YES;
				CLANG_WARN_BOOL_CONVERSION = YES;
				CLANG_WARN_COMMA = YES;
				CLANG_WARN_CONSTANT_CONVERSION = YES;
				CLANG_WARN_DEPRECATED_OBJC_IMPLEMENTATIONS = YES;
				CLANG_WARN_DIRECT_OBJC_ISA_USAGE = YES_ERROR;
				CLANG_WARN_DOCUMENTATION_COMMENTS = YES;
				CLANG_WARN_EMPTY_BODY = YES;
				CLANG_WARN_ENUM_CONVERSION = YES;
				CLANG_WARN_INFINITE_RECURSION = YES;
				CLANG_WARN_INT_CONVERSION = YES;
				CLANG_WARN_NON_LITERAL_NULL_CONVERSION = YES;
				CLANG_WARN_OBJC_IMPLICIT_RETAIN_SELF = YES;
				CLANG_WARN_OBJC_LITERAL_CONVERSION = YES;
				CLANG_WARN_OBJC_ROOT_CLASS = YES_ERROR;
				CLANG_WARN_QUOTED_INCLUDE_IN_FRAMEWORK_HEADER = YES;
				CLANG_WARN_RANGE_LOOP_ANALYSIS = YES;
				CLANG_WARN_STRICT_PROTOTYPES = YES;
				CLANG_WARN_SUSPICIOUS_MOVE = YES;
				CLANG_WARN_UNGUARDED_AVAILABILITY = YES_AGGRESSIVE;
				CLANG_WARN_UNREACHABLE_CODE = YES;
				CLANG_WARN__DUPLICATE_METHOD_MATCH = YES;
				COPY_PHASE_STRIP = NO;
				DEBUG_INFORMATION_FORMAT = "dwarf-with-dsym";
				ENABLE_NS_ASSERTIONS = NO;
				ENABLE_STRICT_OBJC_MSGSEND = YES;
				ENABLE_USER_SCRIPT_SANDBOXING = YES;
				GCC_C_LANGUAGE_STANDARD = gnu17;
				GCC_NO_COMMON_BLOCKS = YES;
				GCC_WARN_64_TO_32_BIT_CONVERSION = YES;
				GCC_WARN_ABOUT_RETURN_TYPE = YES_ERROR;
				GCC_WARN_UNDECLARED_SELECTOR = YES;
				GCC_WARN_UNINITIALIZED_AUTOS = YES_AGGRESSIVE;
				GCC_WARN_UNUSED_FUNCTION = YES;
				GCC_WARN_UNUSED_VARIABLE = YES;
				IPHONEOS_DEPLOYMENT_TARGET = 17.0;
				LOCALIZATION_PREFERS_STRING_CATALOGS = YES;
				MTL_ENABLE_DEBUG_INFO = NO;
				MTL_FAST_MATH = YES;
				SDKROOT = iphoneos;
				SWIFT_COMPILATION_MODE = wholemodule;
				VALIDATE_PRODUCT = YES;
			};
			name = Release;
		};
		490218DE2A78E8E00030F5B7 /* Debug */ = {
			isa = XCBuildConfiguration;
			buildSettings = {
				ASSETCATALOG_COMPILER_APPICON_NAME = AppIcon;
				ASSETCATALOG_COMPILER_GLOBAL_ACCENT_COLOR_NAME = AccentColor;
				CODE_SIGN_STYLE = Automatic;
				CURRENT_PROJECT_VERSION = 1;
				ENABLE_PREVIEWS = NO;
				GENERATE_INFOPLIST_FILE = YES;
				INFOPLIST_KEY_UIApplicationSceneManifest_Generation = YES;
				INFOPLIST_KEY_UIApplicationSupportsIndirectInputEvents = YES;
				INFOPLIST_KEY_UILaunchScreen_Generation = YES;
				INFOPLIST_KEY_UISupportedInterfaceOrientations_iPad = "UIInterfaceOrientationPortrait UIInterfaceOrientationPortraitUpsideDown UIInterfaceOrientationLandscapeLeft UIInterfaceOrientationLandscapeRight";
				INFOPLIST_KEY_UISupportedInterfaceOrientations_iPhone = "UIInterfaceOrientationPortrait UIInterfaceOrientationLandscapeLeft UIInterfaceOrientationLandscapeRight";
				LD_RUNPATH_SEARCH_PATHS = (
					"$(inherited)",
					"@executable_path/Frameworks",
				);
				MARKETING_VERSION = 1.0;
				PRODUCT_BUNDLE_IDENTIFIER = com.jarijokinen.IosStarter;
				PRODUCT_NAME = "$(TARGET_NAME)";
				SWIFT_EMIT_LOC_STRINGS = YES;
				SWIFT_VERSION = 5.0;
				TARGETED_DEVICE_FAMILY = "1,2";
			};
			name = Debug;
		};
		490218DF2A78E8E00030F5B7 /* Release */ = {
			isa = XCBuildConfiguration;
			buildSettings = {
				ASSETCATALOG_COMPILER_APPICON_NAME = AppIcon;
				ASSETCATALOG_COMPILER_GLOBAL_ACCENT_COLOR_NAME = AccentColor;
				CODE_SIGN_STYLE = Automatic;
				CURRENT_PROJECT_VERSION = 1;
				ENABLE_PREVIEWS = NO;
				GENERATE_INFOPLIST_FILE = YES;
				INFOPLIST_KEY_UIApplicationSceneManifest_Generation = YES;
				INFOPLIST_KEY_UIApplicationSupportsIndirectInputEvents = YES;
				INFOPLIST_KEY_UILaunchScreen_Generation = YES;
				INFOPLIST_KEY_UISupportedInterfaceOrientations_iPad = "UIInterfaceOrientationPortrait UIInterfaceOrientationPortraitUpsideDown UIInterfaceOrientationLandscapeLeft UIInterfaceOrientationLandscapeRight";
				INFOPLIST_KEY_UISupportedInterfaceOrientations_iPhone = "UIInterfaceOrientationPortrait UIInterfaceOrientationLandscapeLeft UIInterfaceOrientationLandscapeRight";
				LD_RUNPATH_SEARCH_PATHS = (
					"$(inherited)",
					"@executable_path/Frameworks",
				);
				MARKETING_VERSION = 1.0;
				PRODUCT_BUNDLE_IDENTIFIER = com.jarijokinen.IosStarter;
				PRODUCT_NAME = "$(TARGET_NAME)";
				SWIFT_EMIT_LOC_STRINGS = YES;
				SWIFT_VERSION = 5.0;
				TARGETED_DEVICE_FAMILY = "1,2";
			};
			name = Release;
		};
/* End XCBuildConfiguration section */

/* Begin XCConfigurationList section */
		490218CA2A78E8DE0030F5B7 /* Build configuration list for PBXProject "IosStarter" */ = {
			isa = XCConfigurationList;
			buildConfigurations = (
				490218DB2A78E8E00030F5B7 /* Debug */,
				490218DC2A78E8E00030F5B7 /* Release */,
			);
			defaultConfigurationIsVisible = 0;
			defaultConfigurationName = Release;
		};
		490218DD2A78E8E00030F5B7 /* Build configuration list for PBXNativeTarget "IosStarter" */ = {
			isa = XCConfigurationList;
			buildConfigurations = (
				490218DE2A78E8E00030F5B7 /* Debug */,
				490218DF2A78E8E00030F5B7 /* Release */,
			);
			defaultConfigurationIsVisible = 0;
			defaultConfigurationName = Release;
		};
/* End XCConfigurationList section */
	};
	rootObject = 490218C72A78E8DE0030F5B7 /* Project object */;
}
